
Microsoft Visual Studio Solution File, Format Version 12.00
# Visual Studio Version 17
VisualStudioVersion = 17.12.35707.178 d17.12
MinimumVisualStudioVersion = 10.0.40219.1
Project("{FAE04EC0-301F-11D3-BF4B-00C04F79EFBC}") = "KidoPets", "KidoPets\KidoPets.csproj", "{F6D5BEC5-7D57-4E93-9F0F-7BE9919C4ECB}"
EndProject
Global
	GlobalSection(SolutionConfigurationPlatforms) = preSolution
		Debug|Any CPU = Debug|Any CPU
		Release|Any CPU = Release|Any CPU
	EndGlobalSection
	GlobalSection(ProjectConfigurationPlatforms) = postSolution
		{F6D5BEC5-7D57-4E93-9F0F-7BE9919C4ECB}.Debug|Any CPU.ActiveCfg = Debug|Any CPU
		{F6D5BEC5-7D57-4E93-9F0F-7BE9919C4ECB}.Debug|Any CPU.Build.0 = Debug|Any CPU
		{F6D5BEC5-7D57-4E93-9F0F-7BE9919C4ECB}.Release|Any CPU.ActiveCfg = Release|Any CPU
		{F6D5BEC5-7D57-4E93-9F0F-7BE9919C4ECB}.Release|Any CPU.Build.0 = Release|Any CPU
	EndGlobalSection
	GlobalSection(SolutionProperties) = preSolution
		HideSolutionNode = FALSE
	EndGlobalSection
EndGlobal
